- name: block example
  hosts: nodes
  gather_facts: true
  become: true
  vars:
    run_block: true
  tasks:
    - name: is block active?
      debug:
        msg: "{{ run_block }}"

    - name: nginx start on centos systems
      block:
        - name: set fact os distribution
          set_fact:
            os_distribution: "{{ ansible_facts.distribution }}"

        - name: set fact os distribution version
          set_fact:
            os_full_version: "{{ ansible_facts.distribution_version }}"

        - name: print alltogether
          debug:
            msg: "Current host's OS version is {{ os_distribution }} {{ os_full_version }}"
      when: run_block
